
Microsoft Visual Studio Solution File, Format Version 12.00
# Visual Studio Version 17
VisualStudioVersion = 17.9.34728.123
MinimumVisualStudioVersion = 10.0.40219.1
Project("{FAE04EC0-301F-11D3-BF4B-00C04F79EFBC}") = "Thuan2180605993", "Thuan2180605993\Thuan2180605993.csproj", "{C7D7E5A2-B943-4A7E-9E0A-F7975A70ACA9}"
EndProject
Global
	GlobalSection(SolutionConfigurationPlatforms) = preSolution
		Debug|Any CPU = Debug|Any CPU
		Release|Any CPU = Release|Any CPU
	EndGlobalSection
	GlobalSection(ProjectConfigurationPlatforms) = postSolution
		{C7D7E5A2-B943-4A7E-9E0A-F7975A70ACA9}.Debug|Any CPU.ActiveCfg = Debug|Any CPU
		{C7D7E5A2-B943-4A7E-9E0A-F7975A70ACA9}.Debug|Any CPU.Build.0 = Debug|Any CPU
		{C7D7E5A2-B943-4A7E-9E0A-F7975A70ACA9}.Release|Any CPU.ActiveCfg = Release|Any CPU
		{C7D7E5A2-B943-4A7E-9E0A-F7975A70ACA9}.Release|Any CPU.Build.0 = Release|Any CPU
	EndGlobalSection
	GlobalSection(SolutionProperties) = preSolution
		HideSolutionNode = FALSE
	EndGlobalSection
	GlobalSection(ExtensibilityGlobals) = postSolution
		SolutionGuid = {8A0D574E-D8E2-435A-BA08-1F40D9579FFE}
	EndGlobalSection
EndGlobal
